
Microsoft Visual Studio Solution File, Format Version 12.00
# Visual Studio Version 17
VisualStudioVersion = 17.3.32811.315
MinimumVisualStudioVersion = 10.0.40219.1
Project("{9A19103F-16F7-4668-BE54-9A1E7A4F7556}") = "RazorPageDemo", "examples\Server\RazorPageDemo\RazorPageDemo.csproj", "{753B3025-FEE7-4014-BC02-A967EB1EF5A3}"
EndProject
Project("{9A19103F-16F7-4668-BE54-9A1E7A4F7556}") = "GranDen.Blazor.Bootstrap.SwitchButton", "src\GranDen.Blazor.Bootstrap.SwitchButton\GranDen.Blazor.Bootstrap.SwitchButton.csproj", "{D7917507-DF92-4944-A14F-CF7887F01E49}"
EndProject
Project("{2150E333-8FDC-42A3-9474-1A3956D46DE8}") = "src", "src", "{0A2E5AC7-1A51-434F-8F7E-05C980BC4B14}"
EndProject
Project("{2150E333-8FDC-42A3-9474-1A3956D46DE8}") = "examples", "examples", "{32496926-CCA6-4064-B8F9-3B54ABC7C7A9}"
EndProject
Project("{9A19103F-16F7-4668-BE54-9A1E7A4F7556}") = "BlazorWasmAppDemo.Server", "examples\BlazorWasmAppDemo\Server\BlazorWasmAppDemo.Server.csproj", "{7547B6C3-C43A-4DB4-89A7-200B784589B0}"
EndProject
Project("{9A19103F-16F7-4668-BE54-9A1E7A4F7556}") = "BlazorWasmAppDemo.Client", "examples\BlazorWasmAppDemo\Client\BlazorWasmAppDemo.Client.csproj", "{09C4924F-0A77-4BC3-9470-E2CDE864ACE8}"
EndProject
Project("{9A19103F-16F7-4668-BE54-9A1E7A4F7556}") = "BlazorWasmAppDemo.Shared", "examples\BlazorWasmAppDemo\Shared\BlazorWasmAppDemo.Shared.csproj", "{FF89D440-E448-4BFD-9D9D-7F81294F4845}"
EndProject
Project("{2150E333-8FDC-42A3-9474-1A3956D46DE8}") = "Wasm", "Wasm", "{9B7FF169-8ED8-49A4-BE12-8B082B232DD9}"
EndProject
Project("{2150E333-8FDC-42A3-9474-1A3956D46DE8}") = "Server", "Server", "{0E9D9458-4F0F-4ABA-98C6-77BC8696C7F3}"
EndProject
Project("{2150E333-8FDC-42A3-9474-1A3956D46DE8}") = "Hybrid", "Hybrid", "{C91B04DB-BAD0-484C-8AA6-F2EA4FD830F5}"
EndProject
Project("{9A19103F-16F7-4668-BE54-9A1E7A4F7556}") = "MauiBlazorAppDemo", "examples\Hybrid\MauiBlazorAppDemo\MauiBlazorAppDemo.csproj", "{DCA2D3BF-883F-457A-91A3-CC2C12282DA0}"
EndProject
Global
	GlobalSection(SolutionConfigurationPlatforms) = preSolution
		Debug|Any CPU = Debug|Any CPU
		Release|Any CPU = Release|Any CPU
	EndGlobalSection
	GlobalSection(ProjectConfigurationPlatforms) = postSolution
		{753B3025-FEE7-4014-BC02-A967EB1EF5A3}.Debug|Any CPU.ActiveCfg = Debug|Any CPU
		{753B3025-FEE7-4014-BC02-A967EB1EF5A3}.Debug|Any CPU.Build.0 = Debug|Any CPU
		{753B3025-FEE7-4014-BC02-A967EB1EF5A3}.Release|Any CPU.ActiveCfg = Release|Any CPU
		{753B3025-FEE7-4014-BC02-A967EB1EF5A3}.Release|Any CPU.Build.0 = Release|Any CPU
		{D7917507-DF92-4944-A14F-CF7887F01E49}.Debug|Any CPU.ActiveCfg = Debug|Any CPU
		{D7917507-DF92-4944-A14F-CF7887F01E49}.Debug|Any CPU.Build.0 = Debug|Any CPU
		{D7917507-DF92-4944-A14F-CF7887F01E49}.Release|Any CPU.ActiveCfg = Release|Any CPU
		{D7917507-DF92-4944-A14F-CF7887F01E49}.Release|Any CPU.Build.0 = Release|Any CPU
		{7547B6C3-C43A-4DB4-89A7-200B784589B0}.Debug|Any CPU.ActiveCfg = Debug|Any CPU
		{7547B6C3-C43A-4DB4-89A7-200B784589B0}.Debug|Any CPU.Build.0 = Debug|Any CPU
		{7547B6C3-C43A-4DB4-89A7-200B784589B0}.Release|Any CPU.ActiveCfg = Release|Any CPU
		{7547B6C3-C43A-4DB4-89A7-200B784589B0}.Release|Any CPU.Build.0 = Release|Any CPU
		{09C4924F-0A77-4BC3-9470-E2CDE864ACE8}.Debug|Any CPU.ActiveCfg = Debug|Any CPU
		{09C4924F-0A77-4BC3-9470-E2CDE864ACE8}.Debug|Any CPU.Build.0 = Debug|Any CPU
		{09C4924F-0A77-4BC3-9470-E2CDE864ACE8}.Release|Any CPU.ActiveCfg = Release|Any CPU
		{09C4924F-0A77-4BC3-9470-E2CDE864ACE8}.Release|Any CPU.Build.0 = Release|Any CPU
		{FF89D440-E448-4BFD-9D9D-7F81294F4845}.Debug|Any CPU.ActiveCfg = Debug|Any CPU
		{FF89D440-E448-4BFD-9D9D-7F81294F4845}.Debug|Any CPU.Build.0 = Debug|Any CPU
		{FF89D440-E448-4BFD-9D9D-7F81294F4845}.Release|Any CPU.ActiveCfg = Release|Any CPU
		{FF89D440-E448-4BFD-9D9D-7F81294F4845}.Release|Any CPU.Build.0 = Release|Any CPU
		{DCA2D3BF-883F-457A-91A3-CC2C12282DA0}.Debug|Any CPU.ActiveCfg = Debug|Any CPU
		{DCA2D3BF-883F-457A-91A3-CC2C12282DA0}.Debug|Any CPU.Build.0 = Debug|Any CPU
		{DCA2D3BF-883F-457A-91A3-CC2C12282DA0}.Debug|Any CPU.Deploy.0 = Debug|Any CPU
		{DCA2D3BF-883F-457A-91A3-CC2C12282DA0}.Release|Any CPU.ActiveCfg = Release|Any CPU
		{DCA2D3BF-883F-457A-91A3-CC2C12282DA0}.Release|Any CPU.Build.0 = Release|Any CPU
		{DCA2D3BF-883F-457A-91A3-CC2C12282DA0}.Release|Any CPU.Deploy.0 = Release|Any CPU
	EndGlobalSection
	GlobalSection(SolutionProperties) = preSolution
		HideSolutionNode = FALSE
	EndGlobalSection
	GlobalSection(NestedProjects) = preSolution
		{753B3025-FEE7-4014-BC02-A967EB1EF5A3} = {0E9D9458-4F0F-4ABA-98C6-77BC8696C7F3}
		{D7917507-DF92-4944-A14F-CF7887F01E49} = {0A2E5AC7-1A51-434F-8F7E-05C980BC4B14}
		{7547B6C3-C43A-4DB4-89A7-200B784589B0} = {9B7FF169-8ED8-49A4-BE12-8B082B232DD9}
		{09C4924F-0A77-4BC3-9470-E2CDE864ACE8} = {9B7FF169-8ED8-49A4-BE12-8B082B232DD9}
		{FF89D440-E448-4BFD-9D9D-7F81294F4845} = {9B7FF169-8ED8-49A4-BE12-8B082B232DD9}
		{9B7FF169-8ED8-49A4-BE12-8B082B232DD9} = {32496926-CCA6-4064-B8F9-3B54ABC7C7A9}
		{0E9D9458-4F0F-4ABA-98C6-77BC8696C7F3} = {32496926-CCA6-4064-B8F9-3B54ABC7C7A9}
		{C91B04DB-BAD0-484C-8AA6-F2EA4FD830F5} = {32496926-CCA6-4064-B8F9-3B54ABC7C7A9}
		{DCA2D3BF-883F-457A-91A3-CC2C12282DA0} = {C91B04DB-BAD0-484C-8AA6-F2EA4FD830F5}
	EndGlobalSection
	GlobalSection(ExtensibilityGlobals) = postSolution
		SolutionGuid = {AF66E054-1C1E-4406-A848-7EADCF015E39}
	EndGlobalSection
EndGlobal
